// !$*UTF8*$!
{
	archiveVersion = 1;
	classes = {
	};
	objectVersion = 50;
	objects = {

/* Begin PBXBuildFile section */
		D9310DD424A5CC5C008BD136 /* GameViewController.swift in Sources */ = {isa = PBXBuildFile; fileRef = D9310DD324A5CC5C008BD136 /* GameViewController.swift */; };
		D934EB3724A9C9AB004F4B4C /* GameField.swift in Sources */ = {isa = PBXBuildFile; fileRef = D934EB3624A9C9AB004F4B4C /* GameField.swift */; };
		D93CEA5724A8F4DD00E61DC1 /* Room.swift in Sources */ = {isa = PBXBuildFile; fileRef = D93CEA5624A8F4DD00E61DC1 /* Room.swift */; };
		D93CEA5924A8F8DE00E61DC1 /* Inventory.swift in Sources */ = {isa = PBXBuildFile; fileRef = D93CEA5824A8F8DE00E61DC1 /* Inventory.swift */; };
		D94040A624A9FBDC00A6D4C9 /* RoomCollectionViewCell.swift in Sources */ = {isa = PBXBuildFile; fileRef = D94040A524A9FBDC00A6D4C9 /* RoomCollectionViewCell.swift */; };
		D94040AA24AA1ADE00A6D4C9 /* InventoryCollectionViewCell.swift in Sources */ = {isa = PBXBuildFile; fileRef = D94040A924AA1ADE00A6D4C9 /* InventoryCollectionViewCell.swift */; };
		D940EC6124A1D8D000405AF7 /* AppDelegate.swift in Sources */ = {isa = PBXBuildFile; fileRef = D940EC6024A1D8D000405AF7 /* AppDelegate.swift */; };
		D940EC6324A1D8D000405AF7 /* SceneDelegate.swift in Sources */ = {isa = PBXBuildFile; fileRef = D940EC6224A1D8D000405AF7 /* SceneDelegate.swift */; };
		D940EC6524A1D8D000405AF7 /* ViewController.swift in Sources */ = {isa = PBXBuildFile; fileRef = D940EC6424A1D8D000405AF7 /* ViewController.swift */; };
		D940EC6824A1D8D000405AF7 /* Main.storyboard in Resources */ = {isa = PBXBuildFile; fileRef = D940EC6624A1D8D000405AF7 /* Main.storyboard */; };
		D940EC6A24A1D8D200405AF7 /* Assets.xcassets in Resources */ = {isa = PBXBuildFile; fileRef = D940EC6924A1D8D200405AF7 /* Assets.xcassets */; };
		D940EC6D24A1D8D200405AF7 /* LaunchScreen.storyboard in Resources */ = {isa = PBXBuildFile; fileRef = D940EC6B24A1D8D200405AF7 /* LaunchScreen.storyboard */; };
		D940EC7524A1E16700405AF7 /* GameCore.swift in Sources */ = {isa = PBXBuildFile; fileRef = D940EC7424A1E16700405AF7 /* GameCore.swift */; };
		D94786ED24A71C2A00ADFE39 /* Items.swift in Sources */ = {isa = PBXBuildFile; fileRef = D94786EC24A71C2A00ADFE39 /* Items.swift */; };
/* End PBXBuildFile section */

/* Begin PBXFileReference section */
		D9310DD324A5CC5C008BD136 /* GameViewController.swift */ = {isa = PBXFileReference; lastKnownFileType = sourcecode.swift; path = GameViewController.swift; sourceTree = "<group>"; };
		D934EB3624A9C9AB004F4B4C /* GameField.swift */ = {isa = PBXFileReference; lastKnownFileType = sourcecode.swift; path = GameField.swift; sourceTree = "<group>"; };
		D93CEA5624A8F4DD00E61DC1 /* Room.swift */ = {isa = PBXFileReference; lastKnownFileType = sourcecode.swift; path = Room.swift; sourceTree = "<group>"; };
		D93CEA5824A8F8DE00E61DC1 /* Inventory.swift */ = {isa = PBXFileReference; lastKnownFileType = sourcecode.swift; path = Inventory.swift; sourceTree = "<group>"; };
		D94040A524A9FBDC00A6D4C9 /* RoomCollectionViewCell.swift */ = {isa = PBXFileReference; lastKnownFileType = sourcecode.swift; path = RoomCollectionViewCell.swift; sourceTree = "<group>"; };
		D94040A924AA1ADE00A6D4C9 /* InventoryCollectionViewCell.swift */ = {isa = PBXFileReference; lastKnownFileType = sourcecode.swift; path = InventoryCollectionViewCell.swift; sourceTree = "<group>"; };
		D940EC5D24A1D8D000405AF7 /* SibersTestTask.app */ = {isa = PBXFileReference; explicitFileType = wrapper.application; includeInIndex = 0; path = SibersTestTask.app; sourceTree = BUILT_PRODUCTS_DIR; };
		D940EC6024A1D8D000405AF7 /* AppDelegate.swift */ = {isa = PBXFileReference; lastKnownFileType = sourcecode.swift; path = AppDelegate.swift; sourceTree = "<group>"; };
		D940EC6224A1D8D000405AF7 /* SceneDelegate.swift */ = {isa = PBXFileReference; lastKnownFileType = sourcecode.swift; path = SceneDelegate.swift; sourceTree = "<group>"; };
		D940EC6424A1D8D000405AF7 /* ViewController.swift */ = {isa = PBXFileReference; lastKnownFileType = sourcecode.swift; path = ViewController.swift; sourceTree = "<group>"; };
		D940EC6724A1D8D000405AF7 /* Base */ = {isa = PBXFileReference; lastKnownFileType = file.storyboard; name = Base; path = Base.lproj/Main.storyboard; sourceTree = "<group>"; };
		D940EC6924A1D8D200405AF7 /* Assets.xcassets */ = {isa = PBXFileReference; lastKnownFileType = folder.assetcatalog; path = Assets.xcassets; sourceTree = "<group>"; };
		D940EC6C24A1D8D200405AF7 /* Base */ = {isa = PBXFileReference; lastKnownFileType = file.storyboard; name = Base; path = Base.lproj/LaunchScreen.storyboard; sourceTree = "<group>"; };
		D940EC6E24A1D8D200405AF7 /* Info.plist */ = {isa = PBXFileReference; lastKnownFileType = text.plist.xml; path = Info.plist; sourceTree = "<group>"; };
		D940EC7424A1E16700405AF7 /* GameCore.swift */ = {isa = PBXFileReference; lastKnownFileType = sourcecode.swift; path = GameCore.swift; sourceTree = "<group>"; };
		D94786EC24A71C2A00ADFE39 /* Items.swift */ = {isa = PBXFileReference; lastKnownFileType = sourcecode.swift; path = Items.swift; sourceTree = "<group>"; };
/* End PBXFileReference section */

/* Begin PBXFrameworksBuildPhase section */
		D940EC5A24A1D8D000405AF7 /* Frameworks */ = {
			isa = PBXFrameworksBuildPhase;
			buildActionMask = 2147483647;
			files = (
			);
			runOnlyForDeploymentPostprocessing = 0;
		};
/* End PBXFrameworksBuildPhase section */

/* Begin PBXGroup section */
		D94040A024A9FB3E00A6D4C9 /* View */ = {
			isa = PBXGroup;
			children = (
				D94040A524A9FBDC00A6D4C9 /* RoomCollectionViewCell.swift */,
				D94040A924AA1ADE00A6D4C9 /* InventoryCollectionViewCell.swift */,
			);
			path = View;
			sourceTree = "<group>";
		};
		D940EC5424A1D8D000405AF7 = {
			isa = PBXGroup;
			children = (
				D940EC5F24A1D8D000405AF7 /* SibersTestTask */,
				D940EC5E24A1D8D000405AF7 /* Products */,
			);
			sourceTree = "<group>";
		};
		D940EC5E24A1D8D000405AF7 /* Products */ = {
			isa = PBXGroup;
			children = (
				D940EC5D24A1D8D000405AF7 /* SibersTestTask.app */,
			);
			name = Products;
			sourceTree = "<group>";
		};
		D940EC5F24A1D8D000405AF7 /* SibersTestTask */ = {
			isa = PBXGroup;
			children = (
				D94040A024A9FB3E00A6D4C9 /* View */,
				D94786EB24A71BF400ADFE39 /* Game */,
				D940EC6024A1D8D000405AF7 /* AppDelegate.swift */,
				D940EC6224A1D8D000405AF7 /* SceneDelegate.swift */,
				D940EC6424A1D8D000405AF7 /* ViewController.swift */,
				D9310DD324A5CC5C008BD136 /* GameViewController.swift */,
				D940EC6624A1D8D000405AF7 /* Main.storyboard */,
				D940EC6924A1D8D200405AF7 /* Assets.xcassets */,
				D940EC6B24A1D8D200405AF7 /* LaunchScreen.storyboard */,
				D940EC6E24A1D8D200405AF7 /* Info.plist */,
			);
			path = SibersTestTask;
			sourceTree = "<group>";
		};
		D94786EB24A71BF400ADFE39 /* Game */ = {
			isa = PBXGroup;
			children = (
				D940EC7424A1E16700405AF7 /* GameCore.swift */,
				D94786EC24A71C2A00ADFE39 /* Items.swift */,
				D93CEA5824A8F8DE00E61DC1 /* Inventory.swift */,
				D93CEA5624A8F4DD00E61DC1 /* Room.swift */,
				D934EB3624A9C9AB004F4B4C /* GameField.swift */,
			);
			path = Game;
			sourceTree = "<group>";
		};
/* End PBXGroup section */

/* Begin PBXNativeTarget section */
		D940EC5C24A1D8D000405AF7 /* SibersTestTask */ = {
			isa = PBXNativeTarget;
			buildConfigurationList = D940EC7124A1D8D200405AF7 /* Build configuration list for PBXNativeTarget "SibersTestTask" */;
			buildPhases = (
				D940EC5924A1D8D000405AF7 /* Sources */,
				D940EC5A24A1D8D000405AF7 /* Frameworks */,
				D940EC5B24A1D8D000405AF7 /* Resources */,
			);
			buildRules = (
			);
			dependencies = (
			);
			name = SibersTestTask;
			productName = SibersTestTask;
			productReference = D940EC5D24A1D8D000405AF7 /* SibersTestTask.app */;
			productType = "com.apple.product-type.application";
		};
/* End PBXNativeTarget section */

/* Begin PBXProject section */
		D940EC5524A1D8D000405AF7 /* Project object */ = {
			isa = PBXProject;
			attributes = {
				LastSwiftUpdateCheck = 1150;
				LastUpgradeCheck = 1150;
				ORGANIZATIONNAME = "Denis Kamkin";
				TargetAttributes = {
					D940EC5C24A1D8D000405AF7 = {
						CreatedOnToolsVersion = 11.5;
					};
				};
			};
			buildConfigurationList = D940EC5824A1D8D000405AF7 /* Build configuration list for PBXProject "SibersTestTask" */;
			compatibilityVersion = "Xcode 9.3";
			developmentRegion = en;
			hasScannedForEncodings = 0;
			knownRegions = (
				en,
				Base,
			);
			mainGroup = D940EC5424A1D8D000405AF7;
			productRefGroup = D940EC5E24A1D8D000405AF7 /* Products */;
			projectDirPath = "";
			projectRoot = "";
			targets = (
				D940EC5C24A1D8D000405AF7 /* SibersTestTask */,
			);
		};
/* End PBXProject section */

/* Begin PBXResourcesBuildPhase section */
		D940EC5B24A1D8D000405AF7 /* Resources */ = {
			isa = PBXResourcesBuildPhase;
			buildActionMask = 2147483647;
			files = (
				D940EC6D24A1D8D200405AF7 /* LaunchScreen.storyboard in Resources */,
				D940EC6A24A1D8D200405AF7 /* Assets.xcassets in Resources */,
				D940EC6824A1D8D000405AF7 /* Main.storyboard in Resources */,
			);
			runOnlyForDeploymentPostprocessing = 0;
		};
/* End PBXResourcesBuildPhase section */

/* Begin PBXSourcesBuildPhase section */
		D940EC5924A1D8D000405AF7 /* Sources */ = {
			isa = PBXSourcesBuildPhase;
			buildActionMask = 2147483647;
			files = (
				D93CEA5924A8F8DE00E61DC1 /* Inventory.swift in Sources */,
				D94040A624A9FBDC00A6D4C9 /* RoomCollectionViewCell.swift in Sources */,
				D9310DD424A5CC5C008BD136 /* GameViewController.swift in Sources */,
				D940EC7524A1E16700405AF7 /* GameCore.swift in Sources */,
				D93CEA5724A8F4DD00E61DC1 /* Room.swift in Sources */,
				D940EC6524A1D8D000405AF7 /* ViewController.swift in Sources */,
				D934EB3724A9C9AB004F4B4C /* GameField.swift in Sources */,
				D940EC6124A1D8D000405AF7 /* AppDelegate.swift in Sources */,
				D94040AA24AA1ADE00A6D4C9 /* InventoryCollectionViewCell.swift in Sources */,
				D94786ED24A71C2A00ADFE39 /* Items.swift in Sources */,
				D940EC6324A1D8D000405AF7 /* SceneDelegate.swift in Sources */,
			);
			runOnlyForDeploymentPostprocessing = 0;
		};
/* End PBXSourcesBuildPhase section */

/* Begin PBXVariantGroup section */
		D940EC6624A1D8D000405AF7 /* Main.storyboard */ = {
			isa = PBXVariantGroup;
			children = (
				D940EC6724A1D8D000405AF7 /* Base */,
			);
			name = Main.storyboard;
			sourceTree = "<group>";
		};
		D940EC6B24A1D8D200405AF7 /* LaunchScreen.storyboard */ = {
			isa = PBXVariantGroup;
			children = (
				D940EC6C24A1D8D200405AF7 /* Base */,
			);
			name = LaunchScreen.storyboard;
			sourceTree = "<group>";
		};
/* End PBXVariantGroup section */

/* Begin XCBuildConfiguration section */
		D940EC6F24A1D8D200405AF7 /* Debug */ = {
			isa = XCBuildConfiguration;
			buildSettings = {
				ALWAYS_SEARCH_USER_PATHS = NO;
				CLANG_ANALYZER_NONNULL = YES;
				CLANG_ANALYZER_NUMBER_OBJECT_CONVERSION = YES_AGGRESSIVE;
				CLANG_CXX_LANGUAGE_STANDARD = "gnu++14";
				CLANG_CXX_LIBRARY = "libc++";
				CLANG_ENABLE_MODULES = YES;
				CLANG_ENABLE_OBJC_ARC = YES;
				CLANG_ENABLE_OBJC_WEAK = YES;
				CLANG_WARN_BLOCK_CAPTURE_AUTORELEASING = YES;
				CLANG_WARN_BOOL_CONVERSION = YES;
				CLANG_WARN_COMMA = YES;
				CLANG_WARN_CONSTANT_CONVERSION = YES;
				CLANG_WARN_DEPRECATED_OBJC_IMPLEMENTATIONS = YES;
				CLANG_WARN_DIRECT_OBJC_ISA_USAGE = YES_ERROR;
				CLANG_WARN_DOCUMENTATION_COMMENTS = YES;
				CLANG_WARN_EMPTY_BODY = YES;
				CLANG_WARN_ENUM_CONVERSION = YES;
				CLANG_WARN_INFINITE_RECURSION = YES;
				CLANG_WARN_INT_CONVERSION = YES;
				CLANG_WARN_NON_LITERAL_NULL_CONVERSION = YES;
				CLANG_WARN_OBJC_IMPLICIT_RETAIN_SELF = YES;
				CLANG_WARN_OBJC_LITERAL_CONVERSION = YES;
				CLANG_WARN_OBJC_ROOT_CLASS = YES_ERROR;
				CLANG_WARN_RANGE_LOOP_ANALYSIS = YES;
				CLANG_WARN_STRICT_PROTOTYPES = YES;
				CLANG_WARN_SUSPICIOUS_MOVE = YES;
				CLANG_WARN_UNGUARDED_AVAILABILITY = YES_AGGRESSIVE;
				CLANG_WARN_UNREACHABLE_CODE = YES;
				CLANG_WARN__DUPLICATE_METHOD_MATCH = YES;
				COPY_PHASE_STRIP = NO;
				DEBUG_INFORMATION_FORMAT = dwarf;
				ENABLE_STRICT_OBJC_MSGSEND = YES;
				ENABLE_TESTABILITY = YES;
				GCC_C_LANGUAGE_STANDARD = gnu11;
				GCC_DYNAMIC_NO_PIC = NO;
				GCC_NO_COMMON_BLOCKS = YES;
				GCC_OPTIMIZATION_LEVEL = 0;
				GCC_PREPROCESSOR_DEFINITIONS = (
					"DEBUG=1",
					"$(inherited)",
				);
				GCC_WARN_64_TO_32_BIT_CONVERSION = YES;
				GCC_WARN_ABOUT_RETURN_TYPE = YES_ERROR;
				GCC_WARN_UNDECLARED_SELECTOR = YES;
				GCC_WARN_UNINITIALIZED_AUTOS = YES_AGGRESSIVE;
				GCC_WARN_UNUSED_FUNCTION = YES;
				GCC_WARN_UNUSED_VARIABLE = YES;
				IPHONEOS_DEPLOYMENT_TARGET = 13.5;
				MTL_ENABLE_DEBUG_INFO = INCLUDE_SOURCE;
				MTL_FAST_MATH = YES;
				ONLY_ACTIVE_ARCH = YES;
				SDKROOT = iphoneos;
				SWIFT_ACTIVE_COMPILATION_CONDITIONS = DEBUG;
				SWIFT_OPTIMIZATION_LEVEL = "-Onone";
			};
			name = Debug;
		};
		D940EC7024A1D8D200405AF7 /* Release */ = {
			isa = XCBuildConfiguration;
			buildSettings = {
				ALWAYS_SEARCH_USER_PATHS = NO;
				CLANG_ANALYZER_NONNULL = YES;
				CLANG_ANALYZER_NUMBER_OBJECT_CONVERSION = YES_AGGRESSIVE;
				CLANG_CXX_LANGUAGE_STANDARD = "gnu++14";
				CLANG_CXX_LIBRARY = "libc++";
				CLANG_ENABLE_MODULES = YES;
				CLANG_ENABLE_OBJC_ARC = YES;
				CLANG_ENABLE_OBJC_WEAK = YES;
				CLANG_WARN_BLOCK_CAPTURE_AUTORELEASING = YES;
				CLANG_WARN_BOOL_CONVERSION = YES;
				CLANG_WARN_COMMA = YES;
				CLANG_WARN_CONSTANT_CONVERSION = YES;
				CLANG_WARN_DEPRECATED_OBJC_IMPLEMENTATIONS = YES;
				CLANG_WARN_DIRECT_OBJC_ISA_USAGE = YES_ERROR;
				CLANG_WARN_DOCUMENTATION_COMMENTS = YES;
				CLANG_WARN_EMPTY_BODY = YES;
				CLANG_WARN_ENUM_CONVERSION = YES;
				CLANG_WARN_INFINITE_RECURSION = YES;
				CLANG_WARN_INT_CONVERSION = YES;
				CLANG_WARN_NON_LITERAL_NULL_CONVERSION = YES;
				CLANG_WARN_OBJC_IMPLICIT_RETAIN_SELF = YES;
				CLANG_WARN_OBJC_LITERAL_CONVERSION = YES;
				CLANG_WARN_OBJC_ROOT_CLASS = YES_ERROR;
				CLANG_WARN_RANGE_LOOP_ANALYSIS = YES;
				CLANG_WARN_STRICT_PROTOTYPES = YES;
				CLANG_WARN_SUSPICIOUS_MOVE = YES;
				CLANG_WARN_UNGUARDED_AVAILABILITY = YES_AGGRESSIVE;
				CLANG_WARN_UNREACHABLE_CODE = YES;
				CLANG_WARN__DUPLICATE_METHOD_MATCH = YES;
				COPY_PHASE_STRIP = NO;
				DEBUG_INFORMATION_FORMAT = "dwarf-with-dsym";
				ENABLE_NS_ASSERTIONS = NO;
				ENABLE_STRICT_OBJC_MSGSEND = YES;
				GCC_C_LANGUAGE_STANDARD = gnu11;
				GCC_NO_COMMON_BLOCKS = YES;
				GCC_WARN_64_TO_32_BIT_CONVERSION = YES;
				GCC_WARN_ABOUT_RETURN_TYPE = YES_ERROR;
				GCC_WARN_UNDECLARED_SELECTOR = YES;
				GCC_WARN_UNINITIALIZED_AUTOS = YES_AGGRESSIVE;
				GCC_WARN_UNUSED_FUNCTION = YES;
				GCC_WARN_UNUSED_VARIABLE = YES;
				IPHONEOS_DEPLOYMENT_TARGET = 13.5;
				MTL_ENABLE_DEBUG_INFO = NO;
				MTL_FAST_MATH = YES;
				SDKROOT = iphoneos;
				SWIFT_COMPILATION_MODE = wholemodule;
				SWIFT_OPTIMIZATION_LEVEL = "-O";
				VALIDATE_PRODUCT = YES;
			};
			name = Release;
		};
		D940EC7224A1D8D200405AF7 /* Debug */ = {
			isa = XCBuildConfiguration;
			buildSettings = {
				ASSETCATALOG_COMPILER_APPICON_NAME = AppIcon;
				CODE_SIGN_STYLE = Automatic;
				DEVELOPMENT_TEAM = U836WMMA8P;
				INFOPLIST_FILE = SibersTestTask/Info.plist;
				IPHONEOS_DEPLOYMENT_TARGET = 13.1;
				LD_RUNPATH_SEARCH_PATHS = (
					"$(inherited)",
					"@executable_path/Frameworks",
				);
				PRODUCT_BUNDLE_IDENTIFIER = denis.kamkin.SibersTestTask;
				PRODUCT_NAME = "$(TARGET_NAME)";
				SWIFT_VERSION = 5.0;
				TARGETED_DEVICE_FAMILY = "1,2";
			};
			name = Debug;
		};
		D940EC7324A1D8D200405AF7 /* Release */ = {
			isa = XCBuildConfiguration;
			buildSettings = {
				ASSETCATALOG_COMPILER_APPICON_NAME = AppIcon;
				CODE_SIGN_STYLE = Automatic;
				DEVELOPMENT_TEAM = U836WMMA8P;
				INFOPLIST_FILE = SibersTestTask/Info.plist;
				IPHONEOS_DEPLOYMENT_TARGET = 13.1;
				LD_RUNPATH_SEARCH_PATHS = (
					"$(inherited)",
					"@executable_path/Frameworks",
				);
				PRODUCT_BUNDLE_IDENTIFIER = denis.kamkin.SibersTestTask;
				PRODUCT_NAME = "$(TARGET_NAME)";
				SWIFT_VERSION = 5.0;
				TARGETED_DEVICE_FAMILY = "1,2";
			};
			name = Release;
		};
/* End XCBuildConfiguration section */

/* Begin XCConfigurationList section */
		D940EC5824A1D8D000405AF7 /* Build configuration list for PBXProject "SibersTestTask" */ = {
			isa = XCConfigurationList;
			buildConfigurations = (
				D940EC6F24A1D8D200405AF7 /* Debug */,
				D940EC7024A1D8D200405AF7 /* Release */,
			);
			defaultConfigurationIsVisible = 0;
			defaultConfigurationName = Release;
		};
		D940EC7124A1D8D200405AF7 /* Build configuration list for PBXNativeTarget "SibersTestTask" */ = {
			isa = XCConfigurationList;
			buildConfigurations = (
				D940EC7224A1D8D200405AF7 /* Debug */,
				D940EC7324A1D8D200405AF7 /* Release */,
			);
			defaultConfigurationIsVisible = 0;
			defaultConfigurationName = Release;
		};
/* End XCConfigurationList section */
	};
	rootObject = D940EC5524A1D8D000405AF7 /* Project object */;
}
